
Microsoft Visual Studio Solution File, Format Version 12.00
# Visual Studio Version 17
VisualStudioVersion = 17.12.35707.178 d17.12
MinimumVisualStudioVersion = 10.0.40219.1
Project("{FAE04EC0-301F-11D3-BF4B-00C04F79EFBC}") = "Demo1-AdvanceOOP", "Demo1-AdvanceOOP.csproj", "{BFF42B06-C67B-469F-926D-706D34C8C8F7}"
EndProject
Project("{FAE04EC0-301F-11D3-BF4B-00C04F79EFBC}") = "Assignment01 Advance", "..\Assignment01 Advance\Assignment01 Advance.csproj", "{B22A231F-2E06-4C29-98E0-F016B9108BAD}"
EndProject
Global
	GlobalSection(SolutionConfigurationPlatforms) = preSolution
		Debug|Any CPU = Debug|Any CPU
		Release|Any CPU = Release|Any CPU
	EndGlobalSection
	GlobalSection(ProjectConfigurationPlatforms) = postSolution
		{BFF42B06-C67B-469F-926D-706D34C8C8F7}.Debug|Any CPU.ActiveCfg = Debug|Any CPU
		{BFF42B06-C67B-469F-926D-706D34C8C8F7}.Debug|Any CPU.Build.0 = Debug|Any CPU
		{BFF42B06-C67B-469F-926D-706D34C8C8F7}.Release|Any CPU.ActiveCfg = Release|Any CPU
		{BFF42B06-C67B-469F-926D-706D34C8C8F7}.Release|Any CPU.Build.0 = Release|Any CPU
		{B22A231F-2E06-4C29-98E0-F016B9108BAD}.Debug|Any CPU.ActiveCfg = Debug|Any CPU
		{B22A231F-2E06-4C29-98E0-F016B9108BAD}.Debug|Any CPU.Build.0 = Debug|Any CPU
		{B22A231F-2E06-4C29-98E0-F016B9108BAD}.Release|Any CPU.ActiveCfg = Release|Any CPU
		{B22A231F-2E06-4C29-98E0-F016B9108BAD}.Release|Any CPU.Build.0 = Release|Any CPU
	EndGlobalSection
	GlobalSection(SolutionProperties) = preSolution
		HideSolutionNode = FALSE
	EndGlobalSection
EndGlobal
